// !$*UTF8*$!
{
	archiveVersion = 1;
	classes = {
	};
	objectVersion = 46;
	objects = {

/* Begin PBXBuildFile section */
		4D2EE0D41842FE770050B0C6 /* Main_iPhone.storyboard in Resources */ = {isa = PBXBuildFile; fileRef = EBF83A95181F774A002B6D34 /* Main_iPhone.storyboard */; };
		4DF63DFC1843067100861A43 /* Main_iPad.storyboard in Resources */ = {isa = PBXBuildFile; fileRef = 4DF63DF81843067100861A43 /* Main_iPad.storyboard */; };
		4DF63DFD1843067100861A43 /* InfoPlist.strings in Resources */ = {isa = PBXBuildFile; fileRef = 4DF63DFA1843067100861A43 /* InfoPlist.strings */; };
		4DF63DFF18431F4600861A43 /* Stroto Basic-Info.plist in Resources */ = {isa = PBXBuildFile; fileRef = 4DF63DFE18431F4600861A43 /* Stroto Basic-Info.plist */; };
		EB06A99B1823745C000F88C6 /* playViewController.m in Sources */ = {isa = PBXBuildFile; fileRef = EB06A99A1823745C000F88C6 /* playViewController.m */; };
		EB06A9A4182377DD000F88C6 /* SlideDownView.m in Sources */ = {isa = PBXBuildFile; fileRef = EB06A99D182377DD000F88C6 /* SlideDownView.m */; };
		EB06A9A5182377DD000F88C6 /* SlideUpView.m in Sources */ = {isa = PBXBuildFile; fileRef = EB06A99F182377DD000F88C6 /* SlideUpView.m */; };
		EB06A9A6182377DD000F88C6 /* ThumbImageView.m in Sources */ = {isa = PBXBuildFile; fileRef = EB06A9A1182377DD000F88C6 /* ThumbImageView.m */; };
		EB06A9AA18238DE7000F88C6 /* UIView+Hierarchy.m in Sources */ = {isa = PBXBuildFile; fileRef = EB06A9A918238DE7000F88C6 /* UIView+Hierarchy.m */; };
		EB15DFFE18286E8500B6B662 /* TopRightView.m in Sources */ = {isa = PBXBuildFile; fileRef = EB15DFFD18286E8500B6B662 /* TopRightView.m */; };
		EB4AA513185620DF00588484 /* STStoryPackDownload.m in Sources */ = {isa = PBXBuildFile; fileRef = EB4AA512185620DF00588484 /* STStoryPackDownload.m */; };
		EB981D6118574A0900057315 /* lightGray.jpeg in Resources */ = {isa = PBXBuildFile; fileRef = EB981D6018574A0900057315 /* lightGray.jpeg */; };
		EB9F99ED1850C805005E114F /* Reachability.m in Sources */ = {isa = PBXBuildFile; fileRef = EB9F99EC1850C805005E114F /* Reachability.m */; };
		EBA75D33182B06A800B47E23 /* RecordArea.png in Resources */ = {isa = PBXBuildFile; fileRef = EBA75D32182B06A800B47E23 /* RecordArea.png */; };
		EBB9BA6A183C36F200974A0B /* color_trans.png in Resources */ = {isa = PBXBuildFile; fileRef = EBB9BA69183C36F200974A0B /* color_trans.png */; };
		EBD1D44B1829BF7C00F2F711 /* BottomBar.png in Resources */ = {isa = PBXBuildFile; fileRef = EBD1D44A1829BF7C00F2F711 /* BottomBar.png */; };
		EBD1D44F1829BF9400F2F711 /* ButtonDoneL.png in Resources */ = {isa = PBXBuildFile; fileRef = EBD1D44C1829BF9400F2F711 /* ButtonDoneL.png */; };
		EBD1D4501829BF9400F2F711 /* ButtonDoneR.png in Resources */ = {isa = PBXBuildFile; fileRef = EBD1D44D1829BF9400F2F711 /* ButtonDoneR.png */; };
		EBD1D4511829BF9400F2F711 /* TopBar.png in Resources */ = {isa = PBXBuildFile; fileRef = EBD1D44E1829BF9400F2F711 /* TopBar.png */; };
		EBF83A84181F7749002B6D34 /* Foundation.framework in Frameworks */ = {isa = PBXBuildFile; fileRef = EBF83A83181F7749002B6D34 /* Foundation.framework */; };
		EBF83A86181F774A002B6D34 /* CoreGraphics.framework in Frameworks */ = {isa = PBXBuildFile; fileRef = EBF83A85181F774A002B6D34 /* CoreGraphics.framework */; };
		EBF83A88181F774A002B6D34 /* UIKit.framework in Frameworks */ = {isa = PBXBuildFile; fileRef = EBF83A87181F774A002B6D34 /* UIKit.framework */; };
		EBF83A8E181F774A002B6D34 /* InfoPlist.strings in Resources */ = {isa = PBXBuildFile; fileRef = EBF83A8C181F774A002B6D34 /* InfoPlist.strings */; };
		EBF83A90181F774A002B6D34 /* main.m in Sources */ = {isa = PBXBuildFile; fileRef = EBF83A8F181F774A002B6D34 /* main.m */; };
		EBF83A94181F774A002B6D34 /* AppDelegate.m in Sources */ = {isa = PBXBuildFile; fileRef = EBF83A93181F774A002B6D34 /* AppDelegate.m */; };
		EBF83A9D181F774A002B6D34 /* ViewController.m in Sources */ = {isa = PBXBuildFile; fileRef = EBF83A9C181F774A002B6D34 /* ViewController.m */; };
		EBF83A9F181F774B002B6D34 /* Images.xcassets in Resources */ = {isa = PBXBuildFile; fileRef = EBF83A9E181F774B002B6D34 /* Images.xcassets */; };
		EBF83AA6181F774C002B6D34 /* XCTest.framework in Frameworks */ = {isa = PBXBuildFile; fileRef = EBF83AA5181F774C002B6D34 /* XCTest.framework */; };
		EBF83AA7181F774C002B6D34 /* Foundation.framework in Frameworks */ = {isa = PBXBuildFile; fileRef = EBF83A83181F7749002B6D34 /* Foundation.framework */; };
		EBF83AA8181F774C002B6D34 /* UIKit.framework in Frameworks */ = {isa = PBXBuildFile; fileRef = EBF83A87181F774A002B6D34 /* UIKit.framework */; };
		EBF83AB0181F774C002B6D34 /* InfoPlist.strings in Resources */ = {isa = PBXBuildFile; fileRef = EBF83AAE181F774C002B6D34 /* InfoPlist.strings */; };
		EBF83AB2181F774C002B6D34 /* StrotoBasicTests.m in Sources */ = {isa = PBXBuildFile; fileRef = EBF83AB1181F774C002B6D34 /* StrotoBasicTests.m */; };
		EBF83ABC181F789B002B6D34 /* color_red.png in Resources */ = {isa = PBXBuildFile; fileRef = EBF83ABB181F789B002B6D34 /* color_red.png */; };
		EBF83AC4181F9C8B002B6D34 /* libsqlite3.dylib in Frameworks */ = {isa = PBXBuildFile; fileRef = EBF83AC3181F9C8B002B6D34 /* libsqlite3.dylib */; };
		EBF83AC7181FA31D002B6D34 /* NSData+Base64.m in Sources */ = {isa = PBXBuildFile; fileRef = EBF83AC6181FA31D002B6D34 /* NSData+Base64.m */; };
/* End PBXBuildFile section */

/* Begin PBXContainerItemProxy section */
		EBF83AA9181F774C002B6D34 /* PBXContainerItemProxy */ = {
			isa = PBXContainerItemProxy;
			containerPortal = EBF83A78181F7748002B6D34 /* Project object */;
			proxyType = 1;
			remoteGlobalIDString = EBF83A7F181F7748002B6D34;
			remoteInfo = StrotoBasic;
		};
/* End PBXContainerItemProxy section */

/* Begin PBXFileReference section */
		4DF63DF91843067100861A43 /* Base */ = {isa = PBXFileReference; lastKnownFileType = file.storyboard; name = Base; path = Base.lproj/Main_iPad.storyboard; sourceTree = "<group>"; };
		4DF63DFB1843067100861A43 /* Base */ = {isa = PBXFileReference; lastKnownFileType = text.plist.strings; name = Base; path = Base.lproj/InfoPlist.strings; sourceTree = "<group>"; };
		4DF63DFE18431F4600861A43 /* Stroto Basic-Info.plist */ = {isa = PBXFileReference; fileEncoding = 4; lastKnownFileType = text.plist.xml; path = "Stroto Basic-Info.plist"; sourceTree = "<group>"; };
		EB06A9991823745B000F88C6 /* playViewController.h */ = {isa = PBXFileReference; fileEncoding = 4; lastKnownFileType = sourcecode.c.h; path = playViewController.h; sourceTree = "<group>"; };
		EB06A99A1823745C000F88C6 /* playViewController.m */ = {isa = PBXFileReference; fileEncoding = 4; lastKnownFileType = sourcecode.c.objc; path = playViewController.m; sourceTree = "<group>"; };
		EB06A99C182377DD000F88C6 /* SlideDownView.h */ = {isa = PBXFileReference; fileEncoding = 4; lastKnownFileType = sourcecode.c.h; path = SlideDownView.h; sourceTree = "<group>"; };
		EB06A99D182377DD000F88C6 /* SlideDownView.m */ = {isa = PBXFileReference; fileEncoding = 4; lastKnownFileType = sourcecode.c.objc; path = SlideDownView.m; sourceTree = "<group>"; };
		EB06A99E182377DD000F88C6 /* SlideUpView.h */ = {isa = PBXFileReference; fileEncoding = 4; lastKnownFileType = sourcecode.c.h; path = SlideUpView.h; sourceTree = "<group>"; };
		EB06A99F182377DD000F88C6 /* SlideUpView.m */ = {isa = PBXFileReference; fileEncoding = 4; lastKnownFileType = sourcecode.c.objc; path = SlideUpView.m; sourceTree = "<group>"; };
		EB06A9A0182377DD000F88C6 /* ThumbImageView.h */ = {isa = PBXFileReference; fileEncoding = 4; lastKnownFileType = sourcecode.c.h; path = ThumbImageView.h; sourceTree = "<group>"; };
		EB06A9A1182377DD000F88C6 /* ThumbImageView.m */ = {isa = PBXFileReference; fileEncoding = 4; lastKnownFileType = sourcecode.c.objc; path = ThumbImageView.m; sourceTree = "<group>"; };
		EB06A9A818238DE6000F88C6 /* UIView+Hierarchy.h */ = {isa = PBXFileReference; fileEncoding = 4; lastKnownFileType = sourcecode.c.h; path = "UIView+Hierarchy.h"; sourceTree = "<group>"; };
		EB06A9A918238DE7000F88C6 /* UIView+Hierarchy.m */ = {isa = PBXFileReference; fileEncoding = 4; lastKnownFileType = sourcecode.c.objc; path = "UIView+Hierarchy.m"; sourceTree = "<group>"; };
		EB15DFFC18286E8500B6B662 /* TopRightView.h */ = {isa = PBXFileReference; fileEncoding = 4; lastKnownFileType = sourcecode.c.h; path = TopRightView.h; sourceTree = "<group>"; };
		EB15DFFD18286E8500B6B662 /* TopRightView.m */ = {isa = PBXFileReference; fileEncoding = 4; lastKnownFileType = sourcecode.c.objc; path = TopRightView.m; sourceTree = "<group>"; };
		EB4AA511185620DF00588484 /* STStoryPackDownload.h */ = {isa = PBXFileReference; fileEncoding = 4; lastKnownFileType = sourcecode.c.h; path = STStoryPackDownload.h; sourceTree = "<group>"; };
		EB4AA512185620DF00588484 /* STStoryPackDownload.m */ = {isa = PBXFileReference; fileEncoding = 4; lastKnownFileType = sourcecode.c.objc; path = STStoryPackDownload.m; sourceTree = "<group>"; };
		EB981D6018574A0900057315 /* lightGray.jpeg */ = {isa = PBXFileReference; lastKnownFileType = image.jpeg; path = lightGray.jpeg; sourceTree = "<group>"; };
		EB9F99EB1850C805005E114F /* Reachability.h */ = {isa = PBXFileReference; fileEncoding = 4; lastKnownFileType = sourcecode.c.h; path = Reachability.h; sourceTree = "<group>"; };
		EB9F99EC1850C805005E114F /* Reachability.m */ = {isa = PBXFileReference; fileEncoding = 4; lastKnownFileType = sourcecode.c.objc; path = Reachability.m; sourceTree = "<group>"; };
		EBA75D32182B06A800B47E23 /* RecordArea.png */ = {isa = PBXFileReference; lastKnownFileType = image.png; path = RecordArea.png; sourceTree = "<group>"; };
		EBB9BA69183C36F200974A0B /* color_trans.png */ = {isa = PBXFileReference; lastKnownFileType = image.png; path = color_trans.png; sourceTree = "<group>"; };
		EBD1D44A1829BF7C00F2F711 /* BottomBar.png */ = {isa = PBXFileReference; lastKnownFileType = image.png; path = BottomBar.png; sourceTree = "<group>"; };
		EBD1D44C1829BF9400F2F711 /* ButtonDoneL.png */ = {isa = PBXFileReference; lastKnownFileType = image.png; path = ButtonDoneL.png; sourceTree = "<group>"; };
		EBD1D44D1829BF9400F2F711 /* ButtonDoneR.png */ = {isa = PBXFileReference; lastKnownFileType = image.png; path = ButtonDoneR.png; sourceTree = "<group>"; };
		EBD1D44E1829BF9400F2F711 /* TopBar.png */ = {isa = PBXFileReference; lastKnownFileType = image.png; path = TopBar.png; sourceTree = "<group>"; };
		EBF83A80181F7748002B6D34 /* Stroto Basic.app */ = {isa = PBXFileReference; explicitFileType = wrapper.application; includeInIndex = 0; path = "Stroto Basic.app"; sourceTree = BUILT_PRODUCTS_DIR; };
		EBF83A83181F7749002B6D34 /* Foundation.framework */ = {isa = PBXFileReference; lastKnownFileType = wrapper.framework; name = Foundation.framework; path = System/Library/Frameworks/Foundation.framework; sourceTree = SDKROOT; };
		EBF83A85181F774A002B6D34 /* CoreGraphics.framework */ = {isa = PBXFileReference; lastKnownFileType = wrapper.framework; name = CoreGraphics.framework; path = System/Library/Frameworks/CoreGraphics.framework; sourceTree = SDKROOT; };
		EBF83A87181F774A002B6D34 /* UIKit.framework */ = {isa = PBXFileReference; lastKnownFileType = wrapper.framework; name = UIKit.framework; path = System/Library/Frameworks/UIKit.framework; sourceTree = SDKROOT; };
		EBF83A8B181F774A002B6D34 /* StrotoBasic-Info.plist */ = {isa = PBXFileReference; lastKnownFileType = text.plist.xml; path = "StrotoBasic-Info.plist"; sourceTree = "<group>"; };
		EBF83A8D181F774A002B6D34 /* en */ = {isa = PBXFileReference; lastKnownFileType = text.plist.strings; name = en; path = en.lproj/InfoPlist.strings; sourceTree = "<group>"; };
		EBF83A8F181F774A002B6D34 /* main.m */ = {isa = PBXFileReference; lastKnownFileType = sourcecode.c.objc; path = main.m; sourceTree = "<group>"; };
		EBF83A91181F774A002B6D34 /* Stroto Basic-Prefix.pch */ = {isa = PBXFileReference; lastKnownFileType = sourcecode.c.h; path = "Stroto Basic-Prefix.pch"; sourceTree = "<group>"; };
		EBF83A92181F774A002B6D34 /* AppDelegate.h */ = {isa = PBXFileReference; lastKnownFileType = sourcecode.c.h; path = AppDelegate.h; sourceTree = "<group>"; };
		EBF83A93181F774A002B6D34 /* AppDelegate.m */ = {isa = PBXFileReference; lastKnownFileType = sourcecode.c.objc; path = AppDelegate.m; sourceTree = "<group>"; };
		EBF83A96181F774A002B6D34 /* Base */ = {isa = PBXFileReference; lastKnownFileType = file.storyboard; name = Base; path = Base.lproj/Main_iPhone.storyboard; sourceTree = "<group>"; };
		EBF83A9B181F774A002B6D34 /* ViewController.h */ = {isa = PBXFileReference; lastKnownFileType = sourcecode.c.h; path = ViewController.h; sourceTree = "<group>"; };
		EBF83A9C181F774A002B6D34 /* ViewController.m */ = {isa = PBXFileReference; lastKnownFileType = sourcecode.c.objc; path = ViewController.m; sourceTree = "<group>"; };
		EBF83A9E181F774B002B6D34 /* Images.xcassets */ = {isa = PBXFileReference; lastKnownFileType = folder.assetcatalog; path = Images.xcassets; sourceTree = "<group>"; };
		EBF83AA4181F774C002B6D34 /* Stroto BasicTests.xctest */ = {isa = PBXFileReference; explicitFileType = wrapper.cfbundle; includeInIndex = 0; path = "Stroto BasicTests.xctest"; sourceTree = BUILT_PRODUCTS_DIR; };
		EBF83AA5181F774C002B6D34 /* XCTest.framework */ = {isa = PBXFileReference; lastKnownFileType = wrapper.framework; name = XCTest.framework; path = Library/Frameworks/XCTest.framework; sourceTree = DEVELOPER_DIR; };
		EBF83AAD181F774C002B6D34 /* Stroto BasicTests-Info.plist */ = {isa = PBXFileReference; lastKnownFileType = text.plist.xml; path = "Stroto BasicTests-Info.plist"; sourceTree = "<group>"; };
		EBF83AAF181F774C002B6D34 /* en */ = {isa = PBXFileReference; lastKnownFileType = text.plist.strings; name = en; path = en.lproj/InfoPlist.strings; sourceTree = "<group>"; };
		EBF83AB1181F774C002B6D34 /* StrotoBasicTests.m */ = {isa = PBXFileReference; lastKnownFileType = sourcecode.c.objc; path = StrotoBasicTests.m; sourceTree = "<group>"; };
		EBF83ABB181F789B002B6D34 /* color_red.png */ = {isa = PBXFileReference; lastKnownFileType = image.png; name = color_red.png; path = ../../../StoryApp/Images/color_red.png; sourceTree = "<group>"; };
		EBF83AC3181F9C8B002B6D34 /* libsqlite3.dylib */ = {isa = PBXFileReference; lastKnownFileType = "compiled.mach-o.dylib"; name = libsqlite3.dylib; path = usr/lib/libsqlite3.dylib; sourceTree = SDKROOT; };
		EBF83AC5181FA302002B6D34 /* NSData+Base64.h */ = {isa = PBXFileReference; fileEncoding = 4; lastKnownFileType = sourcecode.c.h; path = "NSData+Base64.h"; sourceTree = "<group>"; };
		EBF83AC6181FA31D002B6D34 /* NSData+Base64.m */ = {isa = PBXFileReference; fileEncoding = 4; lastKnownFileType = sourcecode.c.objc; path = "NSData+Base64.m"; sourceTree = "<group>"; };
/* End PBXFileReference section */

/* Begin PBXFrameworksBuildPhase section */
		EBF83A7D181F7748002B6D34 /* Frameworks */ = {
			isa = PBXFrameworksBuildPhase;
			buildActionMask = 2147483647;
			files = (
				EBF83AC4181F9C8B002B6D34 /* libsqlite3.dylib in Frameworks */,
				EBF83A86181F774A002B6D34 /* CoreGraphics.framework in Frameworks */,
				EBF83A88181F774A002B6D34 /* UIKit.framework in Frameworks */,
				EBF83A84181F7749002B6D34 /* Foundation.framework in Frameworks */,
			);
			runOnlyForDeploymentPostprocessing = 0;
		};
		EBF83AA1181F774C002B6D34 /* Frameworks */ = {
			isa = PBXFrameworksBuildPhase;
			buildActionMask = 2147483647;
			files = (
				EBF83AA6181F774C002B6D34 /* XCTest.framework in Frameworks */,
				EBF83AA8181F774C002B6D34 /* UIKit.framework in Frameworks */,
				EBF83AA7181F774C002B6D34 /* Foundation.framework in Frameworks */,
			);
			runOnlyForDeploymentPostprocessing = 0;
		};
/* End PBXFrameworksBuildPhase section */

/* Begin PBXGroup section */
		EBF83A77181F7748002B6D34 = {
			isa = PBXGroup;
			children = (
				EBF83A89181F774A002B6D34 /* Stroto Basic */,
				EBF83AAB181F774C002B6D34 /* StrotoBasicTests */,
				EBF83A82181F7748002B6D34 /* Frameworks */,
				EBF83A81181F7748002B6D34 /* Products */,
			);
			sourceTree = "<group>";
		};
		EBF83A81181F7748002B6D34 /* Products */ = {
			isa = PBXGroup;
			children = (
				EBF83A80181F7748002B6D34 /* Stroto Basic.app */,
				EBF83AA4181F774C002B6D34 /* Stroto BasicTests.xctest */,
			);
			name = Products;
			sourceTree = "<group>";
		};
		EBF83A82181F7748002B6D34 /* Frameworks */ = {
			isa = PBXGroup;
			children = (
				EBF83AC3181F9C8B002B6D34 /* libsqlite3.dylib */,
				EBF83A83181F7749002B6D34 /* Foundation.framework */,
				EBF83A85181F774A002B6D34 /* CoreGraphics.framework */,
				EBF83A87181F774A002B6D34 /* UIKit.framework */,
				EBF83AA5181F774C002B6D34 /* XCTest.framework */,
			);
			name = Frameworks;
			sourceTree = "<group>";
		};
		EBF83A89181F774A002B6D34 /* Stroto Basic */ = {
			isa = PBXGroup;
			children = (
				4DF63DFE18431F4600861A43 /* Stroto Basic-Info.plist */,
				4DF63DFA1843067100861A43 /* InfoPlist.strings */,
				EBF83A92181F774A002B6D34 /* AppDelegate.h */,
				EBF83A93181F774A002B6D34 /* AppDelegate.m */,
				EB9F99EB1850C805005E114F /* Reachability.h */,
				EB9F99EC1850C805005E114F /* Reachability.m */,
				EBF83A95181F774A002B6D34 /* Main_iPhone.storyboard */,
				4DF63DF81843067100861A43 /* Main_iPad.storyboard */,
				EBF83A9B181F774A002B6D34 /* ViewController.h */,
				EBF83A9C181F774A002B6D34 /* ViewController.m */,
				EB4AA511185620DF00588484 /* STStoryPackDownload.h */,
				EB4AA512185620DF00588484 /* STStoryPackDownload.m */,
				EB06A9991823745B000F88C6 /* playViewController.h */,
				EB06A99A1823745C000F88C6 /* playViewController.m */,
				EBB9BA69183C36F200974A0B /* color_trans.png */,
				EB06A99C182377DD000F88C6 /* SlideDownView.h */,
				EB06A99D182377DD000F88C6 /* SlideDownView.m */,
				EB06A99E182377DD000F88C6 /* SlideUpView.h */,
				EB06A99F182377DD000F88C6 /* SlideUpView.m */,
				EB06A9A0182377DD000F88C6 /* ThumbImageView.h */,
				EB06A9A1182377DD000F88C6 /* ThumbImageView.m */,
				EB15DFFC18286E8500B6B662 /* TopRightView.h */,
				EB15DFFD18286E8500B6B662 /* TopRightView.m */,
				EBF83AC5181FA302002B6D34 /* NSData+Base64.h */,
				EBF83AC6181FA31D002B6D34 /* NSData+Base64.m */,
				EB06A9A818238DE6000F88C6 /* UIView+Hierarchy.h */,
				EB06A9A918238DE7000F88C6 /* UIView+Hierarchy.m */,
				EBF83A9E181F774B002B6D34 /* Images.xcassets */,
				EBF83A8A181F774A002B6D34 /* Supporting Files */,
			);
			name = "Stroto Basic";
			path = StrotoBasic;
			sourceTree = "<group>";
		};
		EBF83A8A181F774A002B6D34 /* Supporting Files */ = {
			isa = PBXGroup;
			children = (
				EBF83A8B181F774A002B6D34 /* StrotoBasic-Info.plist */,
				EBF83ABB181F789B002B6D34 /* color_red.png */,
				EBD1D44A1829BF7C00F2F711 /* BottomBar.png */,
				EBD1D44C1829BF9400F2F711 /* ButtonDoneL.png */,
				EBD1D44D1829BF9400F2F711 /* ButtonDoneR.png */,
				EBD1D44E1829BF9400F2F711 /* TopBar.png */,
				EBA75D32182B06A800B47E23 /* RecordArea.png */,
				EB981D6018574A0900057315 /* lightGray.jpeg */,
				EBF83A8C181F774A002B6D34 /* InfoPlist.strings */,
				EBF83A8F181F774A002B6D34 /* main.m */,
				EBF83A91181F774A002B6D34 /* Stroto Basic-Prefix.pch */,
			);
			name = "Supporting Files";
			sourceTree = "<group>";
		};
		EBF83AAB181F774C002B6D34 /* StrotoBasicTests */ = {
			isa = PBXGroup;
			children = (
				EBF83AB1181F774C002B6D34 /* StrotoBasicTests.m */,
				EBF83AAC181F774C002B6D34 /* Supporting Files */,
			);
			path = StrotoBasicTests;
			sourceTree = "<group>";
		};
		EBF83AAC181F774C002B6D34 /* Supporting Files */ = {
			isa = PBXGroup;
			children = (
				EBF83AAD181F774C002B6D34 /* Stroto BasicTests-Info.plist */,
				EBF83AAE181F774C002B6D34 /* InfoPlist.strings */,
			);
			name = "Supporting Files";
			sourceTree = "<group>";
		};
/* End PBXGroup section */

/* Begin PBXNativeTarget section */
		EBF83A7F181F7748002B6D34 /* Stroto Basic */ = {
			isa = PBXNativeTarget;
			buildConfigurationList = EBF83AB5181F774C002B6D34 /* Build configuration list for PBXNativeTarget "Stroto Basic" */;
			buildPhases = (
				EBF83A7C181F7748002B6D34 /* Sources */,
				EBF83A7D181F7748002B6D34 /* Frameworks */,
				EBF83A7E181F7748002B6D34 /* Resources */,
			);
			buildRules = (
			);
			dependencies = (
			);
			name = "Stroto Basic";
			productName = StrotoBasic;
			productReference = EBF83A80181F7748002B6D34 /* Stroto Basic.app */;
			productType = "com.apple.product-type.application";
		};
		EBF83AA3181F774C002B6D34 /* Stroto BasicTests */ = {
			isa = PBXNativeTarget;
			buildConfigurationList = EBF83AB8181F774C002B6D34 /* Build configuration list for PBXNativeTarget "Stroto BasicTests" */;
			buildPhases = (
				EBF83AA0181F774C002B6D34 /* Sources */,
				EBF83AA1181F774C002B6D34 /* Frameworks */,
				EBF83AA2181F774C002B6D34 /* Resources */,
			);
			buildRules = (
			);
			dependencies = (
				EBF83AAA181F774C002B6D34 /* PBXTargetDependency */,
			);
			name = "Stroto BasicTests";
			productName = StrotoBasicTests;
			productReference = EBF83AA4181F774C002B6D34 /* Stroto BasicTests.xctest */;
			productType = "com.apple.product-type.bundle.unit-test";
		};
/* End PBXNativeTarget section */

/* Begin PBXProject section */
		EBF83A78181F7748002B6D34 /* Project object */ = {
			isa = PBXProject;
			attributes = {
				LastUpgradeCheck = 0500;
				ORGANIZATIONNAME = stroto;
				TargetAttributes = {
					EBF83A7F181F7748002B6D34 = {
						DevelopmentTeam = 9RFBNK2ME4;
					};
					EBF83AA3181F774C002B6D34 = {
						TestTargetID = EBF83A7F181F7748002B6D34;
					};
				};
			};
			buildConfigurationList = EBF83A7B181F7748002B6D34 /* Build configuration list for PBXProject "Stroto Basic" */;
			compatibilityVersion = "Xcode 3.2";
			developmentRegion = English;
			hasScannedForEncodings = 0;
			knownRegions = (
				en,
				Base,
			);
			mainGroup = EBF83A77181F7748002B6D34;
			productRefGroup = EBF83A81181F7748002B6D34 /* Products */;
			projectDirPath = "";
			projectRoot = "";
			targets = (
				EBF83A7F181F7748002B6D34 /* Stroto Basic */,
				EBF83AA3181F774C002B6D34 /* Stroto BasicTests */,
			);
		};
/* End PBXProject section */

/* Begin PBXResourcesBuildPhase section */
		EBF83A7E181F7748002B6D34 /* Resources */ = {
			isa = PBXResourcesBuildPhase;
			buildActionMask = 2147483647;
			files = (
				EBB9BA6A183C36F200974A0B /* color_trans.png in Resources */,
				EBA75D33182B06A800B47E23 /* RecordArea.png in Resources */,
				EBD1D4501829BF9400F2F711 /* ButtonDoneR.png in Resources */,
				4DF63DFD1843067100861A43 /* InfoPlist.strings in Resources */,
				EBD1D44F1829BF9400F2F711 /* ButtonDoneL.png in Resources */,
				EB981D6118574A0900057315 /* lightGray.jpeg in Resources */,
				EBF83ABC181F789B002B6D34 /* color_red.png in Resources */,
				EBD1D4511829BF9400F2F711 /* TopBar.png in Resources */,
				EBF83A9F181F774B002B6D34 /* Images.xcassets in Resources */,
				4D2EE0D41842FE770050B0C6 /* Main_iPhone.storyboard in Resources */,
				4DF63DFC1843067100861A43 /* Main_iPad.storyboard in Resources */,
				EBF83A8E181F774A002B6D34 /* InfoPlist.strings in Resources */,
				EBD1D44B1829BF7C00F2F711 /* BottomBar.png in Resources */,
				4DF63DFF18431F4600861A43 /* Stroto Basic-Info.plist in Resources */,
			);
			runOnlyForDeploymentPostprocessing = 0;
		};
		EBF83AA2181F774C002B6D34 /* Resources */ = {
			isa = PBXResourcesBuildPhase;
			buildActionMask = 2147483647;
			files = (
				EBF83AB0181F774C002B6D34 /* InfoPlist.strings in Resources */,
			);
			runOnlyForDeploymentPostprocessing = 0;
		};
/* End PBXResourcesBuildPhase section */

/* Begin PBXSourcesBuildPhase section */
		EBF83A7C181F7748002B6D34 /* Sources */ = {
			isa = PBXSourcesBuildPhase;
			buildActionMask = 2147483647;
			files = (
				EB06A9A4182377DD000F88C6 /* SlideDownView.m in Sources */,
				EB06A9AA18238DE7000F88C6 /* UIView+Hierarchy.m in Sources */,
				EB06A9A6182377DD000F88C6 /* ThumbImageView.m in Sources */,
				EB9F99ED1850C805005E114F /* Reachability.m in Sources */,
				EBF83A9D181F774A002B6D34 /* ViewController.m in Sources */,
				EB06A9A5182377DD000F88C6 /* SlideUpView.m in Sources */,
				EBF83AC7181FA31D002B6D34 /* NSData+Base64.m in Sources */,
				EB4AA513185620DF00588484 /* STStoryPackDownload.m in Sources */,
				EBF83A94181F774A002B6D34 /* AppDelegate.m in Sources */,
				EB06A99B1823745C000F88C6 /* playViewController.m in Sources */,
				EBF83A90181F774A002B6D34 /* main.m in Sources */,
				EB15DFFE18286E8500B6B662 /* TopRightView.m in Sources */,
			);
			runOnlyForDeploymentPostprocessing = 0;
		};
		EBF83AA0181F774C002B6D34 /* Sources */ = {
			isa = PBXSourcesBuildPhase;
			buildActionMask = 2147483647;
			files = (
				EBF83AB2181F774C002B6D34 /* StrotoBasicTests.m in Sources */,
			);
			runOnlyForDeploymentPostprocessing = 0;
		};
/* End PBXSourcesBuildPhase section */

/* Begin PBXTargetDependency section */
		EBF83AAA181F774C002B6D34 /* PBXTargetDependency */ = {
			isa = PBXTargetDependency;
			target = EBF83A7F181F7748002B6D34 /* Stroto Basic */;
			targetProxy = EBF83AA9181F774C002B6D34 /* PBXContainerItemProxy */;
		};
/* End PBXTargetDependency section */

/* Begin PBXVariantGroup section */
		4DF63DF81843067100861A43 /* Main_iPad.storyboard */ = {
			isa = PBXVariantGroup;
			children = (
				4DF63DF91843067100861A43 /* Base */,
			);
			name = Main_iPad.storyboard;
			sourceTree = "<group>";
		};
		4DF63DFA1843067100861A43 /* InfoPlist.strings */ = {
			isa = PBXVariantGroup;
			children = (
				4DF63DFB1843067100861A43 /* Base */,
			);
			name = InfoPlist.strings;
			sourceTree = "<group>";
		};
		EBF83A8C181F774A002B6D34 /* InfoPlist.strings */ = {
			isa = PBXVariantGroup;
			children = (
				EBF83A8D181F774A002B6D34 /* en */,
			);
			name = InfoPlist.strings;
			sourceTree = "<group>";
		};
		EBF83A95181F774A002B6D34 /* Main_iPhone.storyboard */ = {
			isa = PBXVariantGroup;
			children = (
				EBF83A96181F774A002B6D34 /* Base */,
			);
			name = Main_iPhone.storyboard;
			sourceTree = "<group>";
		};
		EBF83AAE181F774C002B6D34 /* InfoPlist.strings */ = {
			isa = PBXVariantGroup;
			children = (
				EBF83AAF181F774C002B6D34 /* en */,
			);
			name = InfoPlist.strings;
			sourceTree = "<group>";
		};
/* End PBXVariantGroup section */

/* Begin XCBuildConfiguration section */
		EBF83AB3181F774C002B6D34 /* Debug */ = {
			isa = XCBuildConfiguration;
			buildSettings = {
				ALWAYS_SEARCH_USER_PATHS = NO;
				ARCHS = "$(ARCHS_STANDARD_INCLUDING_64_BIT)";
				CLANG_CXX_LANGUAGE_STANDARD = "gnu++0x";
				CLANG_CXX_LIBRARY = "libc++";
				CLANG_ENABLE_MODULES = YES;
				CLANG_ENABLE_OBJC_ARC = YES;
				CLANG_WARN_BOOL_CONVERSION = YES;
				CLANG_WARN_CONSTANT_CONVERSION = YES;
				CLANG_WARN_DIRECT_OBJC_ISA_USAGE = YES_ERROR;
				CLANG_WARN_EMPTY_BODY = YES;
				CLANG_WARN_ENUM_CONVERSION = YES;
				CLANG_WARN_INT_CONVERSION = YES;
				CLANG_WARN_OBJC_ROOT_CLASS = YES_ERROR;
				CLANG_WARN__DUPLICATE_METHOD_MATCH = YES;
				CODE_SIGN_IDENTITY = "iPhone Developer: Spencer Lambert (N6B543ASYT)";
				"CODE_SIGN_IDENTITY[sdk=iphoneos*]" = "iPhone Developer: Spencer Lambert (N6B543ASYT)";
				COPY_PHASE_STRIP = NO;
				GCC_C_LANGUAGE_STANDARD = gnu99;
				GCC_DYNAMIC_NO_PIC = NO;
				GCC_OPTIMIZATION_LEVEL = 0;
				GCC_PREPROCESSOR_DEFINITIONS = (
					"DEBUG=1",
					"$(inherited)",
				);
				GCC_SYMBOLS_PRIVATE_EXTERN = NO;
				GCC_WARN_64_TO_32_BIT_CONVERSION = YES;
				GCC_WARN_ABOUT_RETURN_TYPE = YES_ERROR;
				GCC_WARN_UNDECLARED_SELECTOR = YES;
				GCC_WARN_UNINITIALIZED_AUTOS = YES;
				GCC_WARN_UNUSED_FUNCTION = YES;
				GCC_WARN_UNUSED_VARIABLE = YES;
				IPHONEOS_DEPLOYMENT_TARGET = 7.0;
				ONLY_ACTIVE_ARCH = YES;
				SDKROOT = iphoneos;
				TARGETED_DEVICE_FAMILY = "1,2";
			};
			name = Debug;
		};
		EBF83AB4181F774C002B6D34 /* Release */ = {
			isa = XCBuildConfiguration;
			buildSettings = {
				ALWAYS_SEARCH_USER_PATHS = NO;
				ARCHS = "$(ARCHS_STANDARD_INCLUDING_64_BIT)";
				CLANG_CXX_LANGUAGE_STANDARD = "gnu++0x";
				CLANG_CXX_LIBRARY = "libc++";
				CLANG_ENABLE_MODULES = YES;
				CLANG_ENABLE_OBJC_ARC = YES;
				CLANG_WARN_BOOL_CONVERSION = YES;
				CLANG_WARN_CONSTANT_CONVERSION = YES;
				CLANG_WARN_DIRECT_OBJC_ISA_USAGE = YES_ERROR;
				CLANG_WARN_EMPTY_BODY = YES;
				CLANG_WARN_ENUM_CONVERSION = YES;
				CLANG_WARN_INT_CONVERSION = YES;
				CLANG_WARN_OBJC_ROOT_CLASS = YES_ERROR;
				CLANG_WARN__DUPLICATE_METHOD_MATCH = YES;
				CODE_SIGN_IDENTITY = "iPhone Developer: Spencer Lambert (N6B543ASYT)";
				"CODE_SIGN_IDENTITY[sdk=iphoneos*]" = "iPhone Developer: Spencer Lambert (N6B543ASYT)";
				COPY_PHASE_STRIP = YES;
				ENABLE_NS_ASSERTIONS = NO;
				GCC_C_LANGUAGE_STANDARD = gnu99;
				GCC_WARN_64_TO_32_BIT_CONVERSION = YES;
				GCC_WARN_ABOUT_RETURN_TYPE = YES_ERROR;
				GCC_WARN_UNDECLARED_SELECTOR = YES;
				GCC_WARN_UNINITIALIZED_AUTOS = YES;
				GCC_WARN_UNUSED_FUNCTION = YES;
				GCC_WARN_UNUSED_VARIABLE = YES;
				IPHONEOS_DEPLOYMENT_TARGET = 7.0;
				SDKROOT = iphoneos;
				TARGETED_DEVICE_FAMILY = "1,2";
				VALIDATE_PRODUCT = YES;
			};
			name = Release;
		};
		EBF83AB6181F774C002B6D34 /* Debug */ = {
			isa = XCBuildConfiguration;
			buildSettings = {
				ARCHS = "$(ARCHS_STANDARD)";
				ASSETCATALOG_COMPILER_APPICON_NAME = AppIcon;
				ASSETCATALOG_COMPILER_LAUNCHIMAGE_NAME = LaunchImage;
				CODE_SIGN_IDENTITY = "iPhone Developer: Spencer Lambert (N6B543ASYT)";
				GCC_PRECOMPILE_PREFIX_HEADER = YES;
				GCC_PREFIX_HEADER = "StrotoBasic/Stroto Basic-Prefix.pch";
				INFOPLIST_FILE = "StrotoBasic/StrotoBasic-Info.plist";
				IPHONEOS_DEPLOYMENT_TARGET = 6.0;
				PRODUCT_NAME = "Stroto Basic";
				TARGETED_DEVICE_FAMILY = "1,2";
				VALID_ARCHS = "armv7 armv7s";
				WRAPPER_EXTENSION = app;
			};
			name = Debug;
		};
		EBF83AB7181F774C002B6D34 /* Release */ = {
			isa = XCBuildConfiguration;
			buildSettings = {
				ARCHS = "$(ARCHS_STANDARD)";
				ASSETCATALOG_COMPILER_APPICON_NAME = AppIcon;
				ASSETCATALOG_COMPILER_LAUNCHIMAGE_NAME = LaunchImage;
				CODE_SIGN_IDENTITY = "iPhone Developer: Spencer Lambert (N6B543ASYT)";
				GCC_PRECOMPILE_PREFIX_HEADER = YES;
				GCC_PREFIX_HEADER = "StrotoBasic/Stroto Basic-Prefix.pch";
				INFOPLIST_FILE = "StrotoBasic/StrotoBasic-Info.plist";
				IPHONEOS_DEPLOYMENT_TARGET = 6.0;
				PRODUCT_NAME = "Stroto Basic";
				TARGETED_DEVICE_FAMILY = "1,2";
				VALID_ARCHS = "armv7 armv7s";
				WRAPPER_EXTENSION = app;
			};
			name = Release;
		};
		EBF83AB9181F774C002B6D34 /* Debug */ = {
			isa = XCBuildConfiguration;
			buildSettings = {
				ARCHS = "$(ARCHS_STANDARD_INCLUDING_64_BIT)";
				BUNDLE_LOADER = "$(BUILT_PRODUCTS_DIR)/StrotoBasic.app/StrotoBasic";
				FRAMEWORK_SEARCH_PATHS = (
					"$(SDKROOT)/Developer/Library/Frameworks",
					"$(inherited)",
					"$(DEVELOPER_FRAMEWORKS_DIR)",
				);
				GCC_PRECOMPILE_PREFIX_HEADER = YES;
				GCC_PREFIX_HEADER = "StrotoBasic/StrotoBasic-Prefix.pch";
				GCC_PREPROCESSOR_DEFINITIONS = (
					"DEBUG=1",
					"$(inherited)",
				);
				INFOPLIST_FILE = "StrotoBasicTests/Stroto BasicTests-Info.plist";
				PRODUCT_NAME = "Stroto BasicTests";
				TEST_HOST = "$(BUNDLE_LOADER)";
				WRAPPER_EXTENSION = xctest;
			};
			name = Debug;
		};
		EBF83ABA181F774C002B6D34 /* Release */ = {
			isa = XCBuildConfiguration;
			buildSettings = {
				ARCHS = "$(ARCHS_STANDARD_INCLUDING_64_BIT)";
				BUNDLE_LOADER = "$(BUILT_PRODUCTS_DIR)/StrotoBasic.app/StrotoBasic";
				FRAMEWORK_SEARCH_PATHS = (
					"$(SDKROOT)/Developer/Library/Frameworks",
					"$(inherited)",
					"$(DEVELOPER_FRAMEWORKS_DIR)",
				);
				GCC_PRECOMPILE_PREFIX_HEADER = YES;
				GCC_PREFIX_HEADER = "StrotoBasic/StrotoBasic-Prefix.pch";
				INFOPLIST_FILE = "StrotoBasicTests/Stroto BasicTests-Info.plist";
				PRODUCT_NAME = "Stroto BasicTests";
				TEST_HOST = "$(BUNDLE_LOADER)";
				WRAPPER_EXTENSION = xctest;
			};
			name = Release;
		};
/* End XCBuildConfiguration section */

/* Begin XCConfigurationList section */
		EBF83A7B181F7748002B6D34 /* Build configuration list for PBXProject "Stroto Basic" */ = {
			isa = XCConfigurationList;
			buildConfigurations = (
				EBF83AB3181F774C002B6D34 /* Debug */,
				EBF83AB4181F774C002B6D34 /* Release */,
			);
			defaultConfigurationIsVisible = 0;
			defaultConfigurationName = Release;
		};
		EBF83AB5181F774C002B6D34 /* Build configuration list for PBXNativeTarget "Stroto Basic" */ = {
			isa = XCConfigurationList;
			buildConfigurations = (
				EBF83AB6181F774C002B6D34 /* Debug */,
				EBF83AB7181F774C002B6D34 /* Release */,
			);
			defaultConfigurationIsVisible = 0;
			defaultConfigurationName = Release;
		};
		EBF83AB8181F774C002B6D34 /* Build configuration list for PBXNativeTarget "Stroto BasicTests" */ = {
			isa = XCConfigurationList;
			buildConfigurations = (
				EBF83AB9181F774C002B6D34 /* Debug */,
				EBF83ABA181F774C002B6D34 /* Release */,
			);
			defaultConfigurationIsVisible = 0;
			defaultConfigurationName = Release;
		};
/* End XCConfigurationList section */
	};
	rootObject = EBF83A78181F7748002B6D34 /* Project object */;
}
